{
  "R": {
    "Version": "4.2.3",
    "Repositories": [
      {
        "Name": "CRAN",
        "URL": "https://packagemanager.posit.co/cran/latest"
      }
    ]
  },
  "Packages": {
    "DBI": {
      "Package": "DBI",
      "Version": "1.1.3",
      "Source": "Repository",
      "Repository": "CRAN",
      "Requirements": [
        "R",
        "methods"
      ],
      "Hash": "b2866e62bab9378c3cc9476a1954226b"
    },
    "KernSmooth": {
      "Package": "KernSmooth",
      "Version": "2.23-20",
      "Source": "Repository",
      "Repository": "CRAN",
      "Requirements": [
        "R",
        "stats"
      ],
      "Hash": "8dcfa99b14c296bc9f1fd64d52fd3ce7"
    },
    "MASS": {
      "Package": "MASS",
      "Version": "7.3-58.2",
      "Source": "Repository",
      "Repository": "CRAN",
      "Requirements": [
        "R",
        "grDevices",
        "graphics",
        "methods",
        "stats",
        "utils"
      ],
      "Hash": "e02d1a0f6122fd3e634b25b433704344"
    },
    "Rcpp": {
      "Package": "Rcpp",
      "Version": "1.0.11",
      "Source": "Repository",
      "Repository": "CRAN",
      "Requirements": [
        "methods",
        "utils"
      ],
      "Hash": "ae6cbbe1492f4de79c45fce06f967ce8"
    },
    "class": {
      "Package": "class",
      "Version": "7.3-21",
      "Source": "Repository",
      "Repository": "CRAN",
      "Requirements": [
        "MASS",
        "R",
        "stats",
        "utils"
      ],
      "Hash": "8ae0d4328e2eb3a582dfd5391a3663b7"
    },
    "classInt": {
      "Package": "classInt",
      "Version": "0.4-10",
      "Source": "Repository",
      "Repository": "CRAN",
      "Requirements": [
        "KernSmooth",
        "R",
        "class",
        "e1071",
        "grDevices",
        "graphics",
        "stats"
      ],
      "Hash": "f5a40793b1ae463a7ffb3902a95bf864"
    },
    "cli": {
      "Package": "cli",
      "Version": "3.6.1",
      "Source": "Repository",
      "Repository": "CRAN",
      "Requirements": [
        "R",
        "utils"
      ],
      "Hash": "89e6d8219950eac806ae0c489052048a"
    },
    "e1071": {
      "Package": "e1071",
      "Version": "1.7-13",
      "Source": "Repository",
      "Repository": "CRAN",
      "Requirements": [
        "class",
        "grDevices",
        "graphics",
        "methods",
        "proxy",
        "stats",
        "utils"
      ],
      "Hash": "1046cb48d06cb40c2900d8878f03a0fe"
    },
    "glue": {
      "Package": "glue",
      "Version": "1.6.2",
      "Source": "Repository",
      "Repository": "CRAN",
      "Requirements": [
        "R",
        "methods"
      ],
      "Hash": "4f2596dfb05dac67b9dc558e5c6fba2e"
    },
    "lattice": {
      "Package": "lattice",
      "Version": "0.20-45",
      "Source": "Repository",
      "Repository": "CRAN",
      "Requirements": [
        "R",
        "grDevices",
        "graphics",
        "grid",
        "stats",
        "utils"
      ],
      "Hash": "b64cdbb2b340437c4ee047a1f4c4377b"
    },
    "lifecycle": {
      "Package": "lifecycle",
      "Version": "1.0.4",
      "Source": "Repository",
      "Repository": "CRAN",
      "Requirements": [
        "R",
        "cli",
        "glue",
        "rlang"
      ],
      "Hash": "b8552d117e1b808b09a832f589b79035"
    },
    "magrittr": {
      "Package": "magrittr",
      "Version": "2.0.3",
      "Source": "Repository",
      "Repository": "CRAN",
      "Requirements": [
        "R"
      ],
      "Hash": "7ce2733a9826b3aeb1775d56fd305472"
    },
    "proxy": {
      "Package": "proxy",
      "Version": "0.4-27",
      "Source": "Repository",
      "Repository": "CRAN",
      "Requirements": [
        "R",
        "stats",
        "utils"
      ],
      "Hash": "e0ef355c12942cf7a6b91a6cfaea8b3e"
    },
    "renv": {
      "Package": "renv",
      "Version": "1.0.3",
      "Source": "Repository",
      "Repository": "CRAN",
      "Requirements": [
        "utils"
      ],
      "Hash": "41b847654f567341725473431dd0d5ab"
    },
    "rlang": {
      "Package": "rlang",
      "Version": "1.1.2",
      "Source": "Repository",
      "Repository": "RSPM",
      "Requirements": [
        "R",
        "utils"
      ],
      "Hash": "50a6dbdc522936ca35afc5e2082ea91b"
    },
    "s2": {
      "Package": "s2",
      "Version": "1.1.4",
      "Source": "Repository",
      "Repository": "CRAN",
      "Requirements": [
        "R",
        "Rcpp",
        "wk"
      ],
      "Hash": "f1cbe03bb3346f8e817518ffa20f9f5a"
    },
    "sf": {
      "Package": "sf",
      "Version": "1.0-14",
      "Source": "Repository",
      "Repository": "CRAN",
      "Requirements": [
        "DBI",
        "R",
        "Rcpp",
        "classInt",
        "grDevices",
        "graphics",
        "grid",
        "magrittr",
        "methods",
        "s2",
        "stats",
        "tools",
        "units",
        "utils"
      ],
      "Hash": "e2111252a76984ca50bf8d6314348681"
    },
    "sp": {
      "Package": "sp",
      "Version": "2.1-2",
      "Source": "Repository",
      "Repository": "RSPM",
      "Requirements": [
        "R",
        "grDevices",
        "graphics",
        "grid",
        "lattice",
        "methods",
        "stats",
        "utils"
      ],
      "Hash": "40a9887191d33b2521a1d741f8c8aea2"
    },
    "stringi": {
      "Package": "stringi",
      "Version": "1.8.2",
      "Source": "Repository",
      "Repository": "RSPM",
      "Requirements": [
        "R",
        "stats",
        "tools",
        "utils"
      ],
      "Hash": "e68c45f81639001af5f1b15cd3599bbd"
    },
    "stringr": {
      "Package": "stringr",
      "Version": "1.5.1",
      "Source": "Repository",
      "Repository": "RSPM",
      "Requirements": [
        "R",
        "cli",
        "glue",
        "lifecycle",
        "magrittr",
        "rlang",
        "stringi",
        "vctrs"
      ],
      "Hash": "960e2ae9e09656611e0b8214ad543207"
    },
    "units": {
      "Package": "units",
      "Version": "0.8-5",
      "Source": "Repository",
      "Repository": "RSPM",
      "Requirements": [
        "R",
        "Rcpp"
      ],
      "Hash": "119d19da480e873f72241ff6962ffd83"
    },
    "vctrs": {
      "Package": "vctrs",
      "Version": "0.6.4",
      "Source": "Repository",
      "Repository": "CRAN",
      "Requirements": [
        "R",
        "cli",
        "glue",
        "lifecycle",
        "rlang"
      ],
      "Hash": "266c1ca411266ba8f365fcc726444b87"
    },
    "wk": {
      "Package": "wk",
      "Version": "0.9.1",
      "Source": "Repository",
      "Repository": "RSPM",
      "Requirements": [
        "R"
      ],
      "Hash": "5d4545e140e36476f35f20d0ca87963e"
    }
  }
}
